
Microsoft Visual Studio Solution File, Format Version 12.00
# Visual Studio Version 16
VisualStudioVersion = 16.0.30804.86
MinimumVisualStudioVersion = 10.0.40219.1
Project("{9A19103F-16F7-4668-BE54-9A1E7A4F7556}") = "AsyncQueryProviderDemo.API", "API\AsyncQueryProviderDemo.API.csproj", "{2D15D3B1-FA3E-428A-A9E6-980B092AE038}"
EndProject
Project("{9A19103F-16F7-4668-BE54-9A1E7A4F7556}") = "AsyncQueryProviderDemo.DAL", "DAL\AsyncQueryProviderDemo.DAL.csproj", "{985321FD-72CC-49BD-8889-C446D76976B0}"
EndProject
Project("{9A19103F-16F7-4668-BE54-9A1E7A4F7556}") = "AsyncQueryProviderDemo.UnitTests", "Test\AsyncQueryProviderDemo.UnitTests.csproj", "{D3F83742-30F2-4DE0-963D-9F8F8B1F2665}"
EndProject
Global
	GlobalSection(SolutionConfigurationPlatforms) = preSolution
		Debug|Any CPU = Debug|Any CPU
		Release|Any CPU = Release|Any CPU
	EndGlobalSection
	GlobalSection(ProjectConfigurationPlatforms) = postSolution
		{2D15D3B1-FA3E-428A-A9E6-980B092AE038}.Debug|Any CPU.ActiveCfg = Debug|Any CPU
		{2D15D3B1-FA3E-428A-A9E6-980B092AE038}.Debug|Any CPU.Build.0 = Debug|Any CPU
		{2D15D3B1-FA3E-428A-A9E6-980B092AE038}.Release|Any CPU.ActiveCfg = Release|Any CPU
		{2D15D3B1-FA3E-428A-A9E6-980B092AE038}.Release|Any CPU.Build.0 = Release|Any CPU
		{985321FD-72CC-49BD-8889-C446D76976B0}.Debug|Any CPU.ActiveCfg = Debug|Any CPU
		{985321FD-72CC-49BD-8889-C446D76976B0}.Debug|Any CPU.Build.0 = Debug|Any CPU
		{985321FD-72CC-49BD-8889-C446D76976B0}.Release|Any CPU.ActiveCfg = Release|Any CPU
		{985321FD-72CC-49BD-8889-C446D76976B0}.Release|Any CPU.Build.0 = Release|Any CPU
		{D3F83742-30F2-4DE0-963D-9F8F8B1F2665}.Debug|Any CPU.ActiveCfg = Debug|Any CPU
		{D3F83742-30F2-4DE0-963D-9F8F8B1F2665}.Debug|Any CPU.Build.0 = Debug|Any CPU
		{D3F83742-30F2-4DE0-963D-9F8F8B1F2665}.Release|Any CPU.ActiveCfg = Release|Any CPU
		{D3F83742-30F2-4DE0-963D-9F8F8B1F2665}.Release|Any CPU.Build.0 = Release|Any CPU
	EndGlobalSection
	GlobalSection(SolutionProperties) = preSolution
		HideSolutionNode = FALSE
	EndGlobalSection
	GlobalSection(ExtensibilityGlobals) = postSolution
		SolutionGuid = {32E1C9B6-6A10-4537-9E80-2860BA4FCABF}
	EndGlobalSection
EndGlobal
